
Microsoft Visual Studio Solution File, Format Version 12.00
# Visual Studio Version 16
VisualStudioVersion = 16.0.29613.14
MinimumVisualStudioVersion = 10.0.40219.1
Project("{FAE04EC0-301F-11D3-BF4B-00C04F79EFBC}") = "TSUViewEngine", "TSUViewEngine\TSUViewEngine.csproj", "{CF4F55DF-9BF9-4DE4-B1DD-2D64A9CB0169}"
EndProject
Global
	GlobalSection(SolutionConfigurationPlatforms) = preSolution
		Debug|Any CPU = Debug|Any CPU
		Release|Any CPU = Release|Any CPU
	EndGlobalSection
	GlobalSection(ProjectConfigurationPlatforms) = postSolution
		{CF4F55DF-9BF9-4DE4-B1DD-2D64A9CB0169}.Debug|Any CPU.ActiveCfg = Debug|Any CPU
		{CF4F55DF-9BF9-4DE4-B1DD-2D64A9CB0169}.Debug|Any CPU.Build.0 = Debug|Any CPU
		{CF4F55DF-9BF9-4DE4-B1DD-2D64A9CB0169}.Release|Any CPU.ActiveCfg = Release|Any CPU
		{CF4F55DF-9BF9-4DE4-B1DD-2D64A9CB0169}.Release|Any CPU.Build.0 = Release|Any CPU
	EndGlobalSection
	GlobalSection(SolutionProperties) = preSolution
		HideSolutionNode = FALSE
	EndGlobalSection
	GlobalSection(ExtensibilityGlobals) = postSolution
		SolutionGuid = {43290757-6AD9-42B6-9626-AC7256196A4A}
	EndGlobalSection
EndGlobal
